// !$*UTF8*$!
{
	archiveVersion = 1;
	classes = {
	};
	objectVersion = 51;
	objects = {

/* Begin PBXBuildFile section */
		0D418009363A9EEC3099F9D8 /* Pods_elsa.framework in Frameworks */ = {isa = PBXBuildFile; fileRef = 24E95A61A6B789B2219BD2FA /* Pods_elsa.framework */; };
		F00A6999260D6FF2004F06B7 /* PrescriptionCoordinator.swift in Sources */ = {isa = PBXBuildFile; fileRef = F00A6998260D6FF2004F06B7 /* PrescriptionCoordinator.swift */; };
		F015B6D725F33F4E00B20774 /* HomeView.swift in Sources */ = {isa = PBXBuildFile; fileRef = F015B6D625F33F4E00B20774 /* HomeView.swift */; };
		F01F0ECE261E079D00BF278D /* PaymentStoreViewModel.swift in Sources */ = {isa = PBXBuildFile; fileRef = F01F0ECD261E079D00BF278D /* PaymentStoreViewModel.swift */; };
		F01F0EEA261E259F00BF278D /* SessionStoreViewModel.swift in Sources */ = {isa = PBXBuildFile; fileRef = F01F0EE9261E259F00BF278D /* SessionStoreViewModel.swift */; };
		F01F0EED261E963400BF278D /* User.swift in Sources */ = {isa = PBXBuildFile; fileRef = F01F0EEC261E963400BF278D /* User.swift */; };
		F02D00042602AF0000249A38 /* PrescriptionView.swift in Sources */ = {isa = PBXBuildFile; fileRef = F02D00032602AF0000249A38 /* PrescriptionView.swift */; };
		F02D00072602B03D00249A38 /* OfferingsView.swift in Sources */ = {isa = PBXBuildFile; fileRef = F02D00062602B03D00249A38 /* OfferingsView.swift */; };
		F02D000A2602BAD600249A38 /* PrescriptionViewYesPreScan.swift in Sources */ = {isa = PBXBuildFile; fileRef = F02D00092602BAD600249A38 /* PrescriptionViewYesPreScan.swift */; };
		F02D000D2602BB7D00249A38 /* PrescriptionViewNoSurvey.swift in Sources */ = {isa = PBXBuildFile; fileRef = F02D000C2602BB7D00249A38 /* PrescriptionViewNoSurvey.swift */; };
		F02D00142602BD3F00249A38 /* PrescriptionViewYesScan.swift in Sources */ = {isa = PBXBuildFile; fileRef = F02D00132602BD3F00249A38 /* PrescriptionViewYesScan.swift */; };
		F036A7C125E6034C0036D0C5 /* LoginSignUpHelper.swift in Sources */ = {isa = PBXBuildFile; fileRef = F036A7C025E6034C0036D0C5 /* LoginSignUpHelper.swift */; };
		F036A7C425E9E0880036D0C5 /* GoogleService-Info 16.31.17.plist in Resources */ = {isa = PBXBuildFile; fileRef = F036A7C325E9E0880036D0C5 /* GoogleService-Info 16.31.17.plist */; };
		F036A7CB25E9F2A90036D0C5 /* GoogleService-Info.plist in Resources */ = {isa = PBXBuildFile; fileRef = F036A7CA25E9F2A90036D0C5 /* GoogleService-Info.plist */; };
		F055CEF0264E25AE00CCC263 /* ConfirmOfferingView.swift in Sources */ = {isa = PBXBuildFile; fileRef = F055CEEF264E25AE00CCC263 /* ConfirmOfferingView.swift */; };
		F055CEF22651A53500CCC263 /* UserTEMP.swift in Sources */ = {isa = PBXBuildFile; fileRef = F055CEF12651A53500CCC263 /* UserTEMP.swift */; };
		F055CEF42651A5C700CCC263 /* UserViewModelTEMP.swift in Sources */ = {isa = PBXBuildFile; fileRef = F055CEF32651A5C700CCC263 /* UserViewModelTEMP.swift */; };
		F06465DE260042A70014A60E /* PillReminderView.swift in Sources */ = {isa = PBXBuildFile; fileRef = F06465DD260042A70014A60E /* PillReminderView.swift */; };
		F075553C25E4BE5900BAE510 /* WelcomePageView.swift in Sources */ = {isa = PBXBuildFile; fileRef = F075553B25E4BE5800BAE510 /* WelcomePageView.swift */; };
		F075553F25E4BF0900BAE510 /* LoginPageView.swift in Sources */ = {isa = PBXBuildFile; fileRef = F075553E25E4BF0900BAE510 /* LoginPageView.swift */; };
		F08F70B9263640F7003D4AE3 /* OfferingsItemView.swift in Sources */ = {isa = PBXBuildFile; fileRef = F08F70B8263640F7003D4AE3 /* OfferingsItemView.swift */; };
		F08F70BC26364266003D4AE3 /* offerings.json in Resources */ = {isa = PBXBuildFile; fileRef = F08F70BB26364266003D4AE3 /* offerings.json */; };
		F08F70C026364496003D4AE3 /* CodableBundleExtension.swift in Sources */ = {isa = PBXBuildFile; fileRef = F08F70BF26364496003D4AE3 /* CodableBundleExtension.swift */; };
		F0B4207925E1E6C600B1BECA /* elsaApp.swift in Sources */ = {isa = PBXBuildFile; fileRef = F0B4207825E1E6C600B1BECA /* elsaApp.swift */; };
		F0B4207B25E1E6C600B1BECA /* StartPageView.swift in Sources */ = {isa = PBXBuildFile; fileRef = F0B4207A25E1E6C600B1BECA /* StartPageView.swift */; };
		F0B4207D25E1E6C900B1BECA /* Assets.xcassets in Resources */ = {isa = PBXBuildFile; fileRef = F0B4207C25E1E6C900B1BECA /* Assets.xcassets */; };
		F0B4208025E1E6C900B1BECA /* Preview Assets.xcassets in Resources */ = {isa = PBXBuildFile; fileRef = F0B4207F25E1E6C900B1BECA /* Preview Assets.xcassets */; };
		F0B4208925E1E72700B1BECA /* SignUpView.swift in Sources */ = {isa = PBXBuildFile; fileRef = F0B4208825E1E72700B1BECA /* SignUpView.swift */; };
		F0B4209725E1E90C00B1BECA /* .gitignore in Resources */ = {isa = PBXBuildFile; fileRef = F0B4209625E1E90C00B1BECA /* .gitignore */; };
		F0E20751262CFCC8003C3E1E /* Offerings.swift in Sources */ = {isa = PBXBuildFile; fileRef = F0E20750262CFCC8003C3E1E /* Offerings.swift */; };
		F0E20759262D108B003C3E1E /* Constants.swift in Sources */ = {isa = PBXBuildFile; fileRef = F0E20758262D108B003C3E1E /* Constants.swift */; };
		F0E2075D262D134A003C3E1E /* OfferingsViewModel.swift in Sources */ = {isa = PBXBuildFile; fileRef = F0E2075C262D134A003C3E1E /* OfferingsViewModel.swift */; };
/* End PBXBuildFile section */

/* Begin PBXFileReference section */
		24E95A61A6B789B2219BD2FA /* Pods_elsa.framework */ = {isa = PBXFileReference; explicitFileType = wrapper.framework; includeInIndex = 0; path = Pods_elsa.framework; sourceTree = BUILT_PRODUCTS_DIR; };
		378B29DC0BE46FA49EC962A3 /* Pods-elsa.release.xcconfig */ = {isa = PBXFileReference; includeInIndex = 1; lastKnownFileType = text.xcconfig; name = "Pods-elsa.release.xcconfig"; path = "Target Support Files/Pods-elsa/Pods-elsa.release.xcconfig"; sourceTree = "<group>"; };
		642EC8635D20D46180E308DE /* Pods-elsa.debug.xcconfig */ = {isa = PBXFileReference; includeInIndex = 1; lastKnownFileType = text.xcconfig; name = "Pods-elsa.debug.xcconfig"; path = "Target Support Files/Pods-elsa/Pods-elsa.debug.xcconfig"; sourceTree = "<group>"; };
		F00A6998260D6FF2004F06B7 /* PrescriptionCoordinator.swift */ = {isa = PBXFileReference; lastKnownFileType = sourcecode.swift; path = PrescriptionCoordinator.swift; sourceTree = "<group>"; };
		F015B6D625F33F4E00B20774 /* HomeView.swift */ = {isa = PBXFileReference; lastKnownFileType = sourcecode.swift; path = HomeView.swift; sourceTree = "<group>"; };
		F01F0ECD261E079D00BF278D /* PaymentStoreViewModel.swift */ = {isa = PBXFileReference; lastKnownFileType = sourcecode.swift; path = PaymentStoreViewModel.swift; sourceTree = "<group>"; };
		F01F0EE9261E259F00BF278D /* SessionStoreViewModel.swift */ = {isa = PBXFileReference; lastKnownFileType = sourcecode.swift; path = SessionStoreViewModel.swift; sourceTree = "<group>"; };
		F01F0EEC261E963400BF278D /* User.swift */ = {isa = PBXFileReference; lastKnownFileType = sourcecode.swift; path = User.swift; sourceTree = "<group>"; };
		F02D00032602AF0000249A38 /* PrescriptionView.swift */ = {isa = PBXFileReference; lastKnownFileType = sourcecode.swift; path = PrescriptionView.swift; sourceTree = "<group>"; };
		F02D00062602B03D00249A38 /* OfferingsView.swift */ = {isa = PBXFileReference; lastKnownFileType = sourcecode.swift; path = OfferingsView.swift; sourceTree = "<group>"; };
		F02D00092602BAD600249A38 /* PrescriptionViewYesPreScan.swift */ = {isa = PBXFileReference; lastKnownFileType = sourcecode.swift; path = PrescriptionViewYesPreScan.swift; sourceTree = "<group>"; };
		F02D000C2602BB7D00249A38 /* PrescriptionViewNoSurvey.swift */ = {isa = PBXFileReference; lastKnownFileType = sourcecode.swift; path = PrescriptionViewNoSurvey.swift; sourceTree = "<group>"; };
		F02D00132602BD3F00249A38 /* PrescriptionViewYesScan.swift */ = {isa = PBXFileReference; lastKnownFileType = sourcecode.swift; path = PrescriptionViewYesScan.swift; sourceTree = "<group>"; };
		F036A7C025E6034C0036D0C5 /* LoginSignUpHelper.swift */ = {isa = PBXFileReference; lastKnownFileType = sourcecode.swift; path = LoginSignUpHelper.swift; sourceTree = "<group>"; };
		F036A7C325E9E0880036D0C5 /* GoogleService-Info 16.31.17.plist */ = {isa = PBXFileReference; fileEncoding = 4; lastKnownFileType = text.plist.xml; path = "GoogleService-Info 16.31.17.plist"; sourceTree = "<group>"; };
		F036A7CA25E9F2A90036D0C5 /* GoogleService-Info.plist */ = {isa = PBXFileReference; fileEncoding = 4; lastKnownFileType = text.plist.xml; path = "GoogleService-Info.plist"; sourceTree = "<group>"; };
		F055CEEF264E25AE00CCC263 /* ConfirmOfferingView.swift */ = {isa = PBXFileReference; lastKnownFileType = sourcecode.swift; path = ConfirmOfferingView.swift; sourceTree = "<group>"; };
		F055CEF12651A53500CCC263 /* UserTEMP.swift */ = {isa = PBXFileReference; lastKnownFileType = sourcecode.swift; path = UserTEMP.swift; sourceTree = "<group>"; };
		F055CEF32651A5C700CCC263 /* UserViewModelTEMP.swift */ = {isa = PBXFileReference; lastKnownFileType = sourcecode.swift; path = UserViewModelTEMP.swift; sourceTree = "<group>"; };
		F06465DD260042A70014A60E /* PillReminderView.swift */ = {isa = PBXFileReference; lastKnownFileType = sourcecode.swift; path = PillReminderView.swift; sourceTree = "<group>"; };
		F075553B25E4BE5800BAE510 /* WelcomePageView.swift */ = {isa = PBXFileReference; lastKnownFileType = sourcecode.swift; path = WelcomePageView.swift; sourceTree = "<group>"; };
		F075553E25E4BF0900BAE510 /* LoginPageView.swift */ = {isa = PBXFileReference; lastKnownFileType = sourcecode.swift; path = LoginPageView.swift; sourceTree = "<group>"; };
		F08F70B8263640F7003D4AE3 /* OfferingsItemView.swift */ = {isa = PBXFileReference; lastKnownFileType = sourcecode.swift; path = OfferingsItemView.swift; sourceTree = "<group>"; };
		F08F70BB26364266003D4AE3 /* offerings.json */ = {isa = PBXFileReference; lastKnownFileType = text.json; name = offerings.json; path = elsa/offerings.json; sourceTree = SOURCE_ROOT; };
		F08F70BF26364496003D4AE3 /* CodableBundleExtension.swift */ = {isa = PBXFileReference; lastKnownFileType = sourcecode.swift; path = CodableBundleExtension.swift; sourceTree = "<group>"; };
		F0B4207525E1E6C600B1BECA /* elsa.app */ = {isa = PBXFileReference; explicitFileType = wrapper.application; includeInIndex = 0; path = elsa.app; sourceTree = BUILT_PRODUCTS_DIR; };
		F0B4207825E1E6C600B1BECA /* elsaApp.swift */ = {isa = PBXFileReference; lastKnownFileType = sourcecode.swift; path = elsaApp.swift; sourceTree = "<group>"; };
		F0B4207A25E1E6C600B1BECA /* StartPageView.swift */ = {isa = PBXFileReference; lastKnownFileType = sourcecode.swift; path = StartPageView.swift; sourceTree = "<group>"; };
		F0B4207C25E1E6C900B1BECA /* Assets.xcassets */ = {isa = PBXFileReference; lastKnownFileType = folder.assetcatalog; path = Assets.xcassets; sourceTree = "<group>"; };
		F0B4207F25E1E6C900B1BECA /* Preview Assets.xcassets */ = {isa = PBXFileReference; lastKnownFileType = folder.assetcatalog; path = "Preview Assets.xcassets"; sourceTree = "<group>"; };
		F0B4208125E1E6C900B1BECA /* Info.plist */ = {isa = PBXFileReference; lastKnownFileType = text.plist.xml; path = Info.plist; sourceTree = "<group>"; };
		F0B4208825E1E72700B1BECA /* SignUpView.swift */ = {isa = PBXFileReference; lastKnownFileType = sourcecode.swift; path = SignUpView.swift; sourceTree = "<group>"; };
		F0B4209625E1E90C00B1BECA /* .gitignore */ = {isa = PBXFileReference; lastKnownFileType = text; path = .gitignore; sourceTree = "<group>"; };
		F0E20750262CFCC8003C3E1E /* Offerings.swift */ = {isa = PBXFileReference; lastKnownFileType = sourcecode.swift; path = Offerings.swift; sourceTree = "<group>"; };
		F0E20758262D108B003C3E1E /* Constants.swift */ = {isa = PBXFileReference; lastKnownFileType = sourcecode.swift; path = Constants.swift; sourceTree = "<group>"; };
		F0E2075C262D134A003C3E1E /* OfferingsViewModel.swift */ = {isa = PBXFileReference; lastKnownFileType = sourcecode.swift; path = OfferingsViewModel.swift; sourceTree = "<group>"; };
/* End PBXFileReference section */

/* Begin PBXFrameworksBuildPhase section */
		F0B4207225E1E6C600B1BECA /* Frameworks */ = {
			isa = PBXFrameworksBuildPhase;
			buildActionMask = 2147483647;
			files = (
				0D418009363A9EEC3099F9D8 /* Pods_elsa.framework in Frameworks */,
			);
			runOnlyForDeploymentPostprocessing = 0;
		};
/* End PBXFrameworksBuildPhase section */

/* Begin PBXGroup section */
		1859D0DBDE8DA2CC453A56DA /* Pods */ = {
			isa = PBXGroup;
			children = (
				642EC8635D20D46180E308DE /* Pods-elsa.debug.xcconfig */,
				378B29DC0BE46FA49EC962A3 /* Pods-elsa.release.xcconfig */,
			);
			path = Pods;
			sourceTree = "<group>";
		};
		D7B97C13C738CB393B22376A /* Frameworks */ = {
			isa = PBXGroup;
			children = (
				24E95A61A6B789B2219BD2FA /* Pods_elsa.framework */,
			);
			name = Frameworks;
			sourceTree = "<group>";
		};
		F0B4206C25E1E6C600B1BECA = {
			isa = PBXGroup;
			children = (
				F0B4209625E1E90C00B1BECA /* .gitignore */,
				F0B4207725E1E6C600B1BECA /* elsa */,
				F0B4207625E1E6C600B1BECA /* Products */,
				1859D0DBDE8DA2CC453A56DA /* Pods */,
				D7B97C13C738CB393B22376A /* Frameworks */,
			);
			sourceTree = "<group>";
		};
		F0B4207625E1E6C600B1BECA /* Products */ = {
			isa = PBXGroup;
			children = (
				F0B4207525E1E6C600B1BECA /* elsa.app */,
			);
			name = Products;
			sourceTree = "<group>";
		};
		F0B4207725E1E6C600B1BECA /* elsa */ = {
			isa = PBXGroup;
			children = (
				F0B4207825E1E6C600B1BECA /* elsaApp.swift */,
				F0E20757262D107A003C3E1E /* Utility */,
				F0E20754262CFDD2003C3E1E /* ViewModels */,
				F0E20753262CFD68003C3E1E /* Views */,
				F0E2074F262CFCA2003C3E1E /* Models */,
				F08F70BB26364266003D4AE3 /* offerings.json */,
				F02D00032602AF0000249A38 /* PrescriptionView.swift */,
				F08F70BF26364496003D4AE3 /* CodableBundleExtension.swift */,
				F02D000C2602BB7D00249A38 /* PrescriptionViewNoSurvey.swift */,
				F02D00092602BAD600249A38 /* PrescriptionViewYesPreScan.swift */,
				F02D00132602BD3F00249A38 /* PrescriptionViewYesScan.swift */,
				F00A6998260D6FF2004F06B7 /* PrescriptionCoordinator.swift */,
				F036A7CA25E9F2A90036D0C5 /* GoogleService-Info.plist */,
				F0B4207C25E1E6C900B1BECA /* Assets.xcassets */,
				F0B4208125E1E6C900B1BECA /* Info.plist */,
				F0B4207E25E1E6C900B1BECA /* Preview Content */,
			);
			path = elsa;
			sourceTree = "<group>";
		};
		F0B4207E25E1E6C900B1BECA /* Preview Content */ = {
			isa = PBXGroup;
			children = (
				F036A7C325E9E0880036D0C5 /* GoogleService-Info 16.31.17.plist */,
				F0B4207F25E1E6C900B1BECA /* Preview Assets.xcassets */,
			);
			path = "Preview Content";
			sourceTree = "<group>";
		};
		F0E2074F262CFCA2003C3E1E /* Models */ = {
			isa = PBXGroup;
			children = (
				F0E20750262CFCC8003C3E1E /* Offerings.swift */,
				F01F0EEC261E963400BF278D /* User.swift */,
				F055CEF12651A53500CCC263 /* UserTEMP.swift */,
			);
			path = Models;
			sourceTree = "<group>";
		};
		F0E20753262CFD68003C3E1E /* Views */ = {
			isa = PBXGroup;
			children = (
				F0B4207A25E1E6C600B1BECA /* StartPageView.swift */,
				F0B4208825E1E72700B1BECA /* SignUpView.swift */,
				F075553E25E4BF0900BAE510 /* LoginPageView.swift */,
				F075553B25E4BE5800BAE510 /* WelcomePageView.swift */,
				F015B6D625F33F4E00B20774 /* HomeView.swift */,
				F02D00062602B03D00249A38 /* OfferingsView.swift */,
				F055CEEF264E25AE00CCC263 /* ConfirmOfferingView.swift */,
				F08F70B8263640F7003D4AE3 /* OfferingsItemView.swift */,
				F06465DD260042A70014A60E /* PillReminderView.swift */,
			);
			path = Views;
			sourceTree = "<group>";
		};
		F0E20754262CFDD2003C3E1E /* ViewModels */ = {
			isa = PBXGroup;
			children = (
				F01F0ECD261E079D00BF278D /* PaymentStoreViewModel.swift */,
				F01F0EE9261E259F00BF278D /* SessionStoreViewModel.swift */,
				F0E2075C262D134A003C3E1E /* OfferingsViewModel.swift */,
				F055CEF32651A5C700CCC263 /* UserViewModelTEMP.swift */,
			);
			path = ViewModels;
			sourceTree = "<group>";
		};
		F0E20757262D107A003C3E1E /* Utility */ = {
			isa = PBXGroup;
			children = (
				F0E20758262D108B003C3E1E /* Constants.swift */,
				F036A7C025E6034C0036D0C5 /* LoginSignUpHelper.swift */,
			);
			path = Utility;
			sourceTree = "<group>";
		};
/* End PBXGroup section */

/* Begin PBXNativeTarget section */
		F0B4207425E1E6C600B1BECA /* elsa */ = {
			isa = PBXNativeTarget;
			buildConfigurationList = F0B4208425E1E6C900B1BECA /* Build configuration list for PBXNativeTarget "elsa" */;
			buildPhases = (
				D53450D474113E9105AB4AD6 /* [CP] Check Pods Manifest.lock */,
				F0B4207125E1E6C600B1BECA /* Sources */,
				F0B4207225E1E6C600B1BECA /* Frameworks */,
				F0B4207325E1E6C600B1BECA /* Resources */,
				927EF249B0DF1C268C462DB8 /* [CP] Embed Pods Frameworks */,
				F02D001626038CF100249A38 /* ShellScript */,
			);
			buildRules = (
			);
			dependencies = (
			);
			name = elsa;
			productName = elsa;
			productReference = F0B4207525E1E6C600B1BECA /* elsa.app */;
			productType = "com.apple.product-type.application";
		};
/* End PBXNativeTarget section */

/* Begin PBXProject section */
		F0B4206D25E1E6C600B1BECA /* Project object */ = {
			isa = PBXProject;
			attributes = {
				LastSwiftUpdateCheck = 1240;
				LastUpgradeCheck = 1240;
				TargetAttributes = {
					F0B4207425E1E6C600B1BECA = {
						CreatedOnToolsVersion = 12.4;
					};
				};
			};
			buildConfigurationList = F0B4207025E1E6C600B1BECA /* Build configuration list for PBXProject "elsa" */;
			compatibilityVersion = "Xcode 9.3";
			developmentRegion = en;
			hasScannedForEncodings = 0;
			knownRegions = (
				en,
				Base,
			);
			mainGroup = F0B4206C25E1E6C600B1BECA;
			productRefGroup = F0B4207625E1E6C600B1BECA /* Products */;
			projectDirPath = "";
			projectRoot = "";
			targets = (
				F0B4207425E1E6C600B1BECA /* elsa */,
			);
		};
/* End PBXProject section */

/* Begin PBXResourcesBuildPhase section */
		F0B4207325E1E6C600B1BECA /* Resources */ = {
			isa = PBXResourcesBuildPhase;
			buildActionMask = 2147483647;
			files = (
				F0B4209725E1E90C00B1BECA /* .gitignore in Resources */,
				F0B4208025E1E6C900B1BECA /* Preview Assets.xcassets in Resources */,
				F036A7CB25E9F2A90036D0C5 /* GoogleService-Info.plist in Resources */,
				F08F70BC26364266003D4AE3 /* offerings.json in Resources */,
				F0B4207D25E1E6C900B1BECA /* Assets.xcassets in Resources */,
				F036A7C425E9E0880036D0C5 /* GoogleService-Info 16.31.17.plist in Resources */,
			);
			runOnlyForDeploymentPostprocessing = 0;
		};
/* End PBXResourcesBuildPhase section */

/* Begin PBXShellScriptBuildPhase section */
		927EF249B0DF1C268C462DB8 /* [CP] Embed Pods Frameworks */ = {
			isa = PBXShellScriptBuildPhase;
			buildActionMask = 2147483647;
			files = (
			);
			inputFileListPaths = (
				"${PODS_ROOT}/Target Support Files/Pods-elsa/Pods-elsa-frameworks-${CONFIGURATION}-input-files.xcfilelist",
			);
			name = "[CP] Embed Pods Frameworks";
			outputFileListPaths = (
				"${PODS_ROOT}/Target Support Files/Pods-elsa/Pods-elsa-frameworks-${CONFIGURATION}-output-files.xcfilelist",
			);
			runOnlyForDeploymentPostprocessing = 0;
			shellPath = /bin/sh;
			shellScript = "\"${PODS_ROOT}/Target Support Files/Pods-elsa/Pods-elsa-frameworks.sh\"\n";
			showEnvVarsInLog = 0;
		};
		D53450D474113E9105AB4AD6 /* [CP] Check Pods Manifest.lock */ = {
			isa = PBXShellScriptBuildPhase;
			buildActionMask = 2147483647;
			files = (
			);
			inputFileListPaths = (
			);
			inputPaths = (
				"${PODS_PODFILE_DIR_PATH}/Podfile.lock",
				"${PODS_ROOT}/Manifest.lock",
			);
			name = "[CP] Check Pods Manifest.lock";
			outputFileListPaths = (
			);
			outputPaths = (
				"$(DERIVED_FILE_DIR)/Pods-elsa-checkManifestLockResult.txt",
			);
			runOnlyForDeploymentPostprocessing = 0;
			shellPath = /bin/sh;
			shellScript = "diff \"${PODS_PODFILE_DIR_PATH}/Podfile.lock\" \"${PODS_ROOT}/Manifest.lock\" > /dev/null\nif [ $? != 0 ] ; then\n    # print error to STDERR\n    echo \"error: The sandbox is not in sync with the Podfile.lock. Run 'pod install' or update your CocoaPods installation.\" >&2\n    exit 1\nfi\n# This output is used by Xcode 'outputs' to avoid re-running this script phase.\necho \"SUCCESS\" > \"${SCRIPT_OUTPUT_FILE_0}\"\n";
			showEnvVarsInLog = 0;
		};
		F02D001626038CF100249A38 /* ShellScript */ = {
			isa = PBXShellScriptBuildPhase;
			buildActionMask = 2147483647;
			files = (
			);
			inputFileListPaths = (
			);
			inputPaths = (
			);
			outputFileListPaths = (
			);
			outputPaths = (
			);
			runOnlyForDeploymentPostprocessing = 0;
			shellPath = /bin/sh;
			shellScript = "# Type a script or drag a script file from your workspace to insert its path.\nTAGS=\"TODO:\"\nERRORTAG=\"ERROR:\"\nfind \"${SRCROOT}\" \\( -name \"*.h\" -or -name \"*.m\" -or -name \"*.swift\" \\) -print0 | xargs -0 egrep --with-filename --line-number --only-matching \"($TAGS).*\\$|($ERRORTAG).*\\$\" | perl -p -e \"s/($TAGS)/ warning: \\$1/\" | perl -p -e \"s/($ERRORTAG)/ error: \\$1/\"\n";
		};
/* End PBXShellScriptBuildPhase section */

/* Begin PBXSourcesBuildPhase section */
		F0B4207125E1E6C600B1BECA /* Sources */ = {
			isa = PBXSourcesBuildPhase;
			buildActionMask = 2147483647;
			files = (
				F055CEF42651A5C700CCC263 /* UserViewModelTEMP.swift in Sources */,
				F036A7C125E6034C0036D0C5 /* LoginSignUpHelper.swift in Sources */,
				F075553F25E4BF0900BAE510 /* LoginPageView.swift in Sources */,
				F075553C25E4BE5900BAE510 /* WelcomePageView.swift in Sources */,
				F0B4208925E1E72700B1BECA /* SignUpView.swift in Sources */,
				F02D00042602AF0000249A38 /* PrescriptionView.swift in Sources */,
				F0B4207B25E1E6C600B1BECA /* StartPageView.swift in Sources */,
				F0E2075D262D134A003C3E1E /* OfferingsViewModel.swift in Sources */,
				F02D00072602B03D00249A38 /* OfferingsView.swift in Sources */,
				F08F70C026364496003D4AE3 /* CodableBundleExtension.swift in Sources */,
				F06465DE260042A70014A60E /* PillReminderView.swift in Sources */,
				F01F0ECE261E079D00BF278D /* PaymentStoreViewModel.swift in Sources */,
				F0B4207925E1E6C600B1BECA /* elsaApp.swift in Sources */,
				F0E20759262D108B003C3E1E /* Constants.swift in Sources */,
				F015B6D725F33F4E00B20774 /* HomeView.swift in Sources */,
				F02D000A2602BAD600249A38 /* PrescriptionViewYesPreScan.swift in Sources */,
				F02D00142602BD3F00249A38 /* PrescriptionViewYesScan.swift in Sources */,
				F01F0EEA261E259F00BF278D /* SessionStoreViewModel.swift in Sources */,
				F02D000D2602BB7D00249A38 /* PrescriptionViewNoSurvey.swift in Sources */,
				F08F70B9263640F7003D4AE3 /* OfferingsItemView.swift in Sources */,
				F055CEF0264E25AE00CCC263 /* ConfirmOfferingView.swift in Sources */,
				F0E20751262CFCC8003C3E1E /* Offerings.swift in Sources */,
				F00A6999260D6FF2004F06B7 /* PrescriptionCoordinator.swift in Sources */,
				F055CEF22651A53500CCC263 /* UserTEMP.swift in Sources */,
				F01F0EED261E963400BF278D /* User.swift in Sources */,
			);
			runOnlyForDeploymentPostprocessing = 0;
		};
/* End PBXSourcesBuildPhase section */

/* Begin XCBuildConfiguration section */
		F0B4208225E1E6C900B1BECA /* Debug */ = {
			isa = XCBuildConfiguration;
			buildSettings = {
				ALWAYS_SEARCH_USER_PATHS = NO;
				CLANG_ANALYZER_NONNULL = YES;
				CLANG_ANALYZER_NUMBER_OBJECT_CONVERSION = YES_AGGRESSIVE;
				CLANG_CXX_LANGUAGE_STANDARD = "gnu++14";
				CLANG_CXX_LIBRARY = "libc++";
				CLANG_ENABLE_MODULES = YES;
				CLANG_ENABLE_OBJC_ARC = YES;
				CLANG_ENABLE_OBJC_WEAK = YES;
				CLANG_WARN_BLOCK_CAPTURE_AUTORELEASING = YES;
				CLANG_WARN_BOOL_CONVERSION = YES;
				CLANG_WARN_COMMA = YES;
				CLANG_WARN_CONSTANT_CONVERSION = YES;
				CLANG_WARN_DEPRECATED_OBJC_IMPLEMENTATIONS = YES;
				CLANG_WARN_DIRECT_OBJC_ISA_USAGE = YES_ERROR;
				CLANG_WARN_DOCUMENTATION_COMMENTS = YES;
				CLANG_WARN_EMPTY_BODY = YES;
				CLANG_WARN_ENUM_CONVERSION = YES;
				CLANG_WARN_INFINITE_RECURSION = YES;
				CLANG_WARN_INT_CONVERSION = YES;
				CLANG_WARN_NON_LITERAL_NULL_CONVERSION = YES;
				CLANG_WARN_OBJC_IMPLICIT_RETAIN_SELF = YES;
				CLANG_WARN_OBJC_LITERAL_CONVERSION = YES;
				CLANG_WARN_OBJC_ROOT_CLASS = YES_ERROR;
				CLANG_WARN_QUOTED_INCLUDE_IN_FRAMEWORK_HEADER = YES;
				CLANG_WARN_RANGE_LOOP_ANALYSIS = YES;
				CLANG_WARN_STRICT_PROTOTYPES = YES;
				CLANG_WARN_SUSPICIOUS_MOVE = YES;
				CLANG_WARN_UNGUARDED_AVAILABILITY = YES_AGGRESSIVE;
				CLANG_WARN_UNREACHABLE_CODE = YES;
				CLANG_WARN__DUPLICATE_METHOD_MATCH = YES;
				COPY_PHASE_STRIP = NO;
				DEBUG_INFORMATION_FORMAT = dwarf;
				ENABLE_STRICT_OBJC_MSGSEND = YES;
				ENABLE_TESTABILITY = YES;
				GCC_C_LANGUAGE_STANDARD = gnu11;
				GCC_DYNAMIC_NO_PIC = NO;
				GCC_NO_COMMON_BLOCKS = YES;
				GCC_OPTIMIZATION_LEVEL = 0;
				GCC_PREPROCESSOR_DEFINITIONS = (
					"DEBUG=1",
					"$(inherited)",
				);
				GCC_WARN_64_TO_32_BIT_CONVERSION = YES;
				GCC_WARN_ABOUT_RETURN_TYPE = YES_ERROR;
				GCC_WARN_UNDECLARED_SELECTOR = YES;
				GCC_WARN_UNINITIALIZED_AUTOS = YES_AGGRESSIVE;
				GCC_WARN_UNUSED_FUNCTION = YES;
				GCC_WARN_UNUSED_VARIABLE = YES;
				IPHONEOS_DEPLOYMENT_TARGET = 14.4;
				MTL_ENABLE_DEBUG_INFO = INCLUDE_SOURCE;
				MTL_FAST_MATH = YES;
				ONLY_ACTIVE_ARCH = YES;
				SDKROOT = iphoneos;
				SWIFT_ACTIVE_COMPILATION_CONDITIONS = DEBUG;
				SWIFT_OPTIMIZATION_LEVEL = "-Onone";
			};
			name = Debug;
		};
		F0B4208325E1E6C900B1BECA /* Release */ = {
			isa = XCBuildConfiguration;
			buildSettings = {
				ALWAYS_SEARCH_USER_PATHS = NO;
				CLANG_ANALYZER_NONNULL = YES;
				CLANG_ANALYZER_NUMBER_OBJECT_CONVERSION = YES_AGGRESSIVE;
				CLANG_CXX_LANGUAGE_STANDARD = "gnu++14";
				CLANG_CXX_LIBRARY = "libc++";
				CLANG_ENABLE_MODULES = YES;
				CLANG_ENABLE_OBJC_ARC = YES;
				CLANG_ENABLE_OBJC_WEAK = YES;
				CLANG_WARN_BLOCK_CAPTURE_AUTORELEASING = YES;
				CLANG_WARN_BOOL_CONVERSION = YES;
				CLANG_WARN_COMMA = YES;
				CLANG_WARN_CONSTANT_CONVERSION = YES;
				CLANG_WARN_DEPRECATED_OBJC_IMPLEMENTATIONS = YES;
				CLANG_WARN_DIRECT_OBJC_ISA_USAGE = YES_ERROR;
				CLANG_WARN_DOCUMENTATION_COMMENTS = YES;
				CLANG_WARN_EMPTY_BODY = YES;
				CLANG_WARN_ENUM_CONVERSION = YES;
				CLANG_WARN_INFINITE_RECURSION = YES;
				CLANG_WARN_INT_CONVERSION = YES;
				CLANG_WARN_NON_LITERAL_NULL_CONVERSION = YES;
				CLANG_WARN_OBJC_IMPLICIT_RETAIN_SELF = YES;
				CLANG_WARN_OBJC_LITERAL_CONVERSION = YES;
				CLANG_WARN_OBJC_ROOT_CLASS = YES_ERROR;
				CLANG_WARN_QUOTED_INCLUDE_IN_FRAMEWORK_HEADER = YES;
				CLANG_WARN_RANGE_LOOP_ANALYSIS = YES;
				CLANG_WARN_STRICT_PROTOTYPES = YES;
				CLANG_WARN_SUSPICIOUS_MOVE = YES;
				CLANG_WARN_UNGUARDED_AVAILABILITY = YES_AGGRESSIVE;
				CLANG_WARN_UNREACHABLE_CODE = YES;
				CLANG_WARN__DUPLICATE_METHOD_MATCH = YES;
				COPY_PHASE_STRIP = NO;
				DEBUG_INFORMATION_FORMAT = "dwarf-with-dsym";
				ENABLE_NS_ASSERTIONS = NO;
				ENABLE_STRICT_OBJC_MSGSEND = YES;
				GCC_C_LANGUAGE_STANDARD = gnu11;
				GCC_NO_COMMON_BLOCKS = YES;
				GCC_WARN_64_TO_32_BIT_CONVERSION = YES;
				GCC_WARN_ABOUT_RETURN_TYPE = YES_ERROR;
				GCC_WARN_UNDECLARED_SELECTOR = YES;
				GCC_WARN_UNINITIALIZED_AUTOS = YES_AGGRESSIVE;
				GCC_WARN_UNUSED_FUNCTION = YES;
				GCC_WARN_UNUSED_VARIABLE = YES;
				IPHONEOS_DEPLOYMENT_TARGET = 14.4;
				MTL_ENABLE_DEBUG_INFO = NO;
				MTL_FAST_MATH = YES;
				SDKROOT = iphoneos;
				SWIFT_COMPILATION_MODE = wholemodule;
				SWIFT_OPTIMIZATION_LEVEL = "-O";
				VALIDATE_PRODUCT = YES;
			};
			name = Release;
		};
		F0B4208525E1E6C900B1BECA /* Debug */ = {
			isa = XCBuildConfiguration;
			baseConfigurationReference = 642EC8635D20D46180E308DE /* Pods-elsa.debug.xcconfig */;
			buildSettings = {
				ASSETCATALOG_COMPILER_APPICON_NAME = AppIcon;
				ASSETCATALOG_COMPILER_GLOBAL_ACCENT_COLOR_NAME = AccentColor;
				CODE_SIGN_STYLE = Automatic;
				DEVELOPMENT_ASSET_PATHS = "\"elsa/Preview Content\"";
				DEVELOPMENT_TEAM = M78773WUN8;
				ENABLE_PREVIEWS = YES;
				INFOPLIST_FILE = elsa/Info.plist;
				IPHONEOS_DEPLOYMENT_TARGET = 14.0;
				LD_RUNPATH_SEARCH_PATHS = (
					"$(inherited)",
					"@executable_path/Frameworks",
				);
				PRODUCT_BUNDLE_IDENTIFIER = ElsaHealth.elsa;
				PRODUCT_NAME = "$(TARGET_NAME)";
				SWIFT_VERSION = 5.0;
				TARGETED_DEVICE_FAMILY = "1,2";
			};
			name = Debug;
		};
		F0B4208625E1E6C900B1BECA /* Release */ = {
			isa = XCBuildConfiguration;
			baseConfigurationReference = 378B29DC0BE46FA49EC962A3 /* Pods-elsa.release.xcconfig */;
			buildSettings = {
				ASSETCATALOG_COMPILER_APPICON_NAME = AppIcon;
				ASSETCATALOG_COMPILER_GLOBAL_ACCENT_COLOR_NAME = AccentColor;
				CODE_SIGN_STYLE = Automatic;
				DEVELOPMENT_ASSET_PATHS = "\"elsa/Preview Content\"";
				DEVELOPMENT_TEAM = M78773WUN8;
				ENABLE_PREVIEWS = YES;
				INFOPLIST_FILE = elsa/Info.plist;
				IPHONEOS_DEPLOYMENT_TARGET = 14.0;
				LD_RUNPATH_SEARCH_PATHS = (
					"$(inherited)",
					"@executable_path/Frameworks",
				);
				PRODUCT_BUNDLE_IDENTIFIER = ElsaHealth.elsa;
				PRODUCT_NAME = "$(TARGET_NAME)";
				SWIFT_VERSION = 5.0;
				TARGETED_DEVICE_FAMILY = "1,2";
			};
			name = Release;
		};
/* End XCBuildConfiguration section */

/* Begin XCConfigurationList section */
		F0B4207025E1E6C600B1BECA /* Build configuration list for PBXProject "elsa" */ = {
			isa = XCConfigurationList;
			buildConfigurations = (
				F0B4208225E1E6C900B1BECA /* Debug */,
				F0B4208325E1E6C900B1BECA /* Release */,
			);
			defaultConfigurationIsVisible = 0;
			defaultConfigurationName = Release;
		};
		F0B4208425E1E6C900B1BECA /* Build configuration list for PBXNativeTarget "elsa" */ = {
			isa = XCConfigurationList;
			buildConfigurations = (
				F0B4208525E1E6C900B1BECA /* Debug */,
				F0B4208625E1E6C900B1BECA /* Release */,
			);
			defaultConfigurationIsVisible = 0;
			defaultConfigurationName = Release;
		};
/* End XCConfigurationList section */
	};
	rootObject = F0B4206D25E1E6C600B1BECA /* Project object */;
}
